
Microsoft Visual Studio Solution File, Format Version 12.00
# Visual Studio Version 17
VisualStudioVersion = 17.12.35527.113 d17.12
MinimumVisualStudioVersion = 10.0.40219.1
Project("{FAE04EC0-301F-11D3-BF4B-00C04F79EFBC}") = "net9csp", "net9csp\net9csp.csproj", "{0F60005A-2A08-4979-98FB-FE02653E8696}"
EndProject
Project("{FAE04EC0-301F-11D3-BF4B-00C04F79EFBC}") = "net9csp.Client", "net9csp.Client\net9csp.Client.csproj", "{B2D11023-51A9-4C59-81E2-243987A6B172}"
EndProject
Global
	GlobalSection(SolutionConfigurationPlatforms) = preSolution
		Debug|Any CPU = Debug|Any CPU
		Release|Any CPU = Release|Any CPU
	EndGlobalSection
	GlobalSection(ProjectConfigurationPlatforms) = postSolution
		{0F60005A-2A08-4979-98FB-FE02653E8696}.Debug|Any CPU.ActiveCfg = Debug|Any CPU
		{0F60005A-2A08-4979-98FB-FE02653E8696}.Debug|Any CPU.Build.0 = Debug|Any CPU
		{0F60005A-2A08-4979-98FB-FE02653E8696}.Release|Any CPU.ActiveCfg = Release|Any CPU
		{0F60005A-2A08-4979-98FB-FE02653E8696}.Release|Any CPU.Build.0 = Release|Any CPU
		{B2D11023-51A9-4C59-81E2-243987A6B172}.Debug|Any CPU.ActiveCfg = Debug|Any CPU
		{B2D11023-51A9-4C59-81E2-243987A6B172}.Debug|Any CPU.Build.0 = Debug|Any CPU
		{B2D11023-51A9-4C59-81E2-243987A6B172}.Release|Any CPU.ActiveCfg = Release|Any CPU
		{B2D11023-51A9-4C59-81E2-243987A6B172}.Release|Any CPU.Build.0 = Release|Any CPU
	EndGlobalSection
	GlobalSection(SolutionProperties) = preSolution
		HideSolutionNode = FALSE
	EndGlobalSection
EndGlobal
